
Microsoft Visual Studio Solution File, Format Version 12.00
# Visual Studio Version 16
VisualStudioVersion = 16.0.31729.503
MinimumVisualStudioVersion = 10.0.40219.1
Project("{FAE04EC0-301F-11D3-BF4B-00C04F79EFBC}") = "SG-Proto-Nuget", "SG-Proto-Nuget\SG-Proto-Nuget.csproj", "{6761D0EE-1D33-4BD6-8CEF-94A0172CB599}"
EndProject
Global
	GlobalSection(SolutionConfigurationPlatforms) = preSolution
		Debug|Any CPU = Debug|Any CPU
		Release|Any CPU = Release|Any CPU
	EndGlobalSection
	GlobalSection(ProjectConfigurationPlatforms) = postSolution
		{6761D0EE-1D33-4BD6-8CEF-94A0172CB599}.Debug|Any CPU.ActiveCfg = Debug|Any CPU
		{6761D0EE-1D33-4BD6-8CEF-94A0172CB599}.Debug|Any CPU.Build.0 = Debug|Any CPU
		{6761D0EE-1D33-4BD6-8CEF-94A0172CB599}.Release|Any CPU.ActiveCfg = Release|Any CPU
		{6761D0EE-1D33-4BD6-8CEF-94A0172CB599}.Release|Any CPU.Build.0 = Release|Any CPU
	EndGlobalSection
	GlobalSection(SolutionProperties) = preSolution
		HideSolutionNode = FALSE
	EndGlobalSection
	GlobalSection(ExtensibilityGlobals) = postSolution
		SolutionGuid = {4A335EF9-0456-4468-9948-E33005C781E8}
	EndGlobalSection
EndGlobal
